
Microsoft Visual Studio Solution File, Format Version 12.00
# Visual Studio Version 16
VisualStudioVersion = 16.0.30204.135
MinimumVisualStudioVersion = 10.0.40219.1
Project("{FAE04EC0-301F-11D3-BF4B-00C04F79EFBC}") = "ControleDeChamados", "ControleDeChamados\ControleDeChamados.csproj", "{F81D3914-4C93-440A-8077-3944D4C1BE0A}"
EndProject
Global
	GlobalSection(SolutionConfigurationPlatforms) = preSolution
		Debug|Any CPU = Debug|Any CPU
		Release|Any CPU = Release|Any CPU
	EndGlobalSection
	GlobalSection(ProjectConfigurationPlatforms) = postSolution
		{F81D3914-4C93-440A-8077-3944D4C1BE0A}.Debug|Any CPU.ActiveCfg = Debug|Any CPU
		{F81D3914-4C93-440A-8077-3944D4C1BE0A}.Debug|Any CPU.Build.0 = Debug|Any CPU
		{F81D3914-4C93-440A-8077-3944D4C1BE0A}.Release|Any CPU.ActiveCfg = Release|Any CPU
		{F81D3914-4C93-440A-8077-3944D4C1BE0A}.Release|Any CPU.Build.0 = Release|Any CPU
	EndGlobalSection
	GlobalSection(SolutionProperties) = preSolution
		HideSolutionNode = FALSE
	EndGlobalSection
	GlobalSection(ExtensibilityGlobals) = postSolution
		SolutionGuid = {0DD6BDC2-6294-40AF-83A8-DD561DB61D75}
	EndGlobalSection
EndGlobal
